// !$*UTF8*$!
{
	archiveVersion = 1;
	classes = {
	};
	objectVersion = 50;
	objects = {

/* Begin PBXBuildFile section */
		4EA00C6B2403379A0017F7DC /* AppDelegate.swift in Sources */ = {isa = PBXBuildFile; fileRef = 4EA00C6A2403379A0017F7DC /* AppDelegate.swift */; };
		4EA00C6D2403379A0017F7DC /* SceneDelegate.swift in Sources */ = {isa = PBXBuildFile; fileRef = 4EA00C6C2403379A0017F7DC /* SceneDelegate.swift */; };
		4EA00C6F2403379A0017F7DC /* ViewController.swift in Sources */ = {isa = PBXBuildFile; fileRef = 4EA00C6E2403379A0017F7DC /* ViewController.swift */; };
		4EA00C722403379A0017F7DC /* Main.storyboard in Resources */ = {isa = PBXBuildFile; fileRef = 4EA00C702403379A0017F7DC /* Main.storyboard */; };
		4EA00C742403379C0017F7DC /* Assets.xcassets in Resources */ = {isa = PBXBuildFile; fileRef = 4EA00C732403379C0017F7DC /* Assets.xcassets */; };
		4EA00C772403379C0017F7DC /* LaunchScreen.storyboard in Resources */ = {isa = PBXBuildFile; fileRef = 4EA00C752403379C0017F7DC /* LaunchScreen.storyboard */; };
		4EA00C7F2403436B0017F7DC /* QuizViewController.swift in Sources */ = {isa = PBXBuildFile; fileRef = 4EA00C7E2403436B0017F7DC /* QuizViewController.swift */; };
		4EA00C81240343970017F7DC /* ResultViewController.swift in Sources */ = {isa = PBXBuildFile; fileRef = 4EA00C80240343970017F7DC /* ResultViewController.swift */; };
		4EA00C832403477A0017F7DC /* Quiz.swift in Sources */ = {isa = PBXBuildFile; fileRef = 4EA00C822403477A0017F7DC /* Quiz.swift */; };
		4EA00C85240347A20017F7DC /* QuizManager.swift in Sources */ = {isa = PBXBuildFile; fileRef = 4EA00C84240347A20017F7DC /* QuizManager.swift */; };
/* End PBXBuildFile section */

/* Begin PBXFileReference section */
		4EA00C672403379A0017F7DC /* SwiftQuiz.app */ = {isa = PBXFileReference; explicitFileType = wrapper.application; includeInIndex = 0; path = SwiftQuiz.app; sourceTree = BUILT_PRODUCTS_DIR; };
		4EA00C6A2403379A0017F7DC /* AppDelegate.swift */ = {isa = PBXFileReference; lastKnownFileType = sourcecode.swift; path = AppDelegate.swift; sourceTree = "<group>"; };
		4EA00C6C2403379A0017F7DC /* SceneDelegate.swift */ = {isa = PBXFileReference; lastKnownFileType = sourcecode.swift; path = SceneDelegate.swift; sourceTree = "<group>"; };
		4EA00C6E2403379A0017F7DC /* ViewController.swift */ = {isa = PBXFileReference; lastKnownFileType = sourcecode.swift; path = ViewController.swift; sourceTree = "<group>"; };
		4EA00C712403379A0017F7DC /* Base */ = {isa = PBXFileReference; lastKnownFileType = file.storyboard; name = Base; path = Base.lproj/Main.storyboard; sourceTree = "<group>"; };
		4EA00C732403379C0017F7DC /* Assets.xcassets */ = {isa = PBXFileReference; lastKnownFileType = folder.assetcatalog; path = Assets.xcassets; sourceTree = "<group>"; };
		4EA00C762403379C0017F7DC /* Base */ = {isa = PBXFileReference; lastKnownFileType = file.storyboard; name = Base; path = Base.lproj/LaunchScreen.storyboard; sourceTree = "<group>"; };
		4EA00C782403379C0017F7DC /* Info.plist */ = {isa = PBXFileReference; lastKnownFileType = text.plist.xml; path = Info.plist; sourceTree = "<group>"; };
		4EA00C7E2403436B0017F7DC /* QuizViewController.swift */ = {isa = PBXFileReference; lastKnownFileType = sourcecode.swift; path = QuizViewController.swift; sourceTree = "<group>"; };
		4EA00C80240343970017F7DC /* ResultViewController.swift */ = {isa = PBXFileReference; lastKnownFileType = sourcecode.swift; path = ResultViewController.swift; sourceTree = "<group>"; };
		4EA00C822403477A0017F7DC /* Quiz.swift */ = {isa = PBXFileReference; lastKnownFileType = sourcecode.swift; path = Quiz.swift; sourceTree = "<group>"; };
		4EA00C84240347A20017F7DC /* QuizManager.swift */ = {isa = PBXFileReference; lastKnownFileType = sourcecode.swift; path = QuizManager.swift; sourceTree = "<group>"; };
/* End PBXFileReference section */

/* Begin PBXFrameworksBuildPhase section */
		4EA00C642403379A0017F7DC /* Frameworks */ = {
			isa = PBXFrameworksBuildPhase;
			buildActionMask = 2147483647;
			files = (
			);
			runOnlyForDeploymentPostprocessing = 0;
		};
/* End PBXFrameworksBuildPhase section */

/* Begin PBXGroup section */
		4EA00C5E2403379A0017F7DC = {
			isa = PBXGroup;
			children = (
				4EA00C692403379A0017F7DC /* SwiftQuiz */,
				4EA00C682403379A0017F7DC /* Products */,
			);
			sourceTree = "<group>";
		};
		4EA00C682403379A0017F7DC /* Products */ = {
			isa = PBXGroup;
			children = (
				4EA00C672403379A0017F7DC /* SwiftQuiz.app */,
			);
			name = Products;
			sourceTree = "<group>";
		};
		4EA00C692403379A0017F7DC /* SwiftQuiz */ = {
			isa = PBXGroup;
			children = (
				4EA00C6A2403379A0017F7DC /* AppDelegate.swift */,
				4EA00C6C2403379A0017F7DC /* SceneDelegate.swift */,
				4EA00C6E2403379A0017F7DC /* ViewController.swift */,
				4EA00C702403379A0017F7DC /* Main.storyboard */,
				4EA00C7E2403436B0017F7DC /* QuizViewController.swift */,
				4EA00C80240343970017F7DC /* ResultViewController.swift */,
				4EA00C822403477A0017F7DC /* Quiz.swift */,
				4EA00C84240347A20017F7DC /* QuizManager.swift */,
				4EA00C732403379C0017F7DC /* Assets.xcassets */,
				4EA00C752403379C0017F7DC /* LaunchScreen.storyboard */,
				4EA00C782403379C0017F7DC /* Info.plist */,
			);
			path = SwiftQuiz;
			sourceTree = "<group>";
		};
/* End PBXGroup section */

/* Begin PBXNativeTarget section */
		4EA00C662403379A0017F7DC /* SwiftQuiz */ = {
			isa = PBXNativeTarget;
			buildConfigurationList = 4EA00C7B2403379C0017F7DC /* Build configuration list for PBXNativeTarget "SwiftQuiz" */;
			buildPhases = (
				4EA00C632403379A0017F7DC /* Sources */,
				4EA00C642403379A0017F7DC /* Frameworks */,
				4EA00C652403379A0017F7DC /* Resources */,
			);
			buildRules = (
			);
			dependencies = (
			);
			name = SwiftQuiz;
			productName = SwiftQuiz;
			productReference = 4EA00C672403379A0017F7DC /* SwiftQuiz.app */;
			productType = "com.apple.product-type.application";
		};
/* End PBXNativeTarget section */

/* Begin PBXProject section */
		4EA00C5F2403379A0017F7DC /* Project object */ = {
			isa = PBXProject;
			attributes = {
				LastSwiftUpdateCheck = 1130;
				LastUpgradeCheck = 1130;
				ORGANIZATIONNAME = "Tiago Martins";
				TargetAttributes = {
					4EA00C662403379A0017F7DC = {
						CreatedOnToolsVersion = 11.3.1;
					};
				};
			};
			buildConfigurationList = 4EA00C622403379A0017F7DC /* Build configuration list for PBXProject "SwiftQuiz" */;
			compatibilityVersion = "Xcode 9.3";
			developmentRegion = en;
			hasScannedForEncodings = 0;
			knownRegions = (
				en,
				Base,
			);
			mainGroup = 4EA00C5E2403379A0017F7DC;
			productRefGroup = 4EA00C682403379A0017F7DC /* Products */;
			projectDirPath = "";
			projectRoot = "";
			targets = (
				4EA00C662403379A0017F7DC /* SwiftQuiz */,
			);
		};
/* End PBXProject section */

/* Begin PBXResourcesBuildPhase section */
		4EA00C652403379A0017F7DC /* Resources */ = {
			isa = PBXResourcesBuildPhase;
			buildActionMask = 2147483647;
			files = (
				4EA00C772403379C0017F7DC /* LaunchScreen.storyboard in Resources */,
				4EA00C742403379C0017F7DC /* Assets.xcassets in Resources */,
				4EA00C722403379A0017F7DC /* Main.storyboard in Resources */,
			);
			runOnlyForDeploymentPostprocessing = 0;
		};
/* End PBXResourcesBuildPhase section */

/* Begin PBXSourcesBuildPhase section */
		4EA00C632403379A0017F7DC /* Sources */ = {
			isa = PBXSourcesBuildPhase;
			buildActionMask = 2147483647;
			files = (
				4EA00C81240343970017F7DC /* ResultViewController.swift in Sources */,
				4EA00C6F2403379A0017F7DC /* ViewController.swift in Sources */,
				4EA00C832403477A0017F7DC /* Quiz.swift in Sources */,
				4EA00C85240347A20017F7DC /* QuizManager.swift in Sources */,
				4EA00C6B2403379A0017F7DC /* AppDelegate.swift in Sources */,
				4EA00C6D2403379A0017F7DC /* SceneDelegate.swift in Sources */,
				4EA00C7F2403436B0017F7DC /* QuizViewController.swift in Sources */,
			);
			runOnlyForDeploymentPostprocessing = 0;
		};
/* End PBXSourcesBuildPhase section */

/* Begin PBXVariantGroup section */
		4EA00C702403379A0017F7DC /* Main.storyboard */ = {
			isa = PBXVariantGroup;
			children = (
				4EA00C712403379A0017F7DC /* Base */,
			);
			name = Main.storyboard;
			sourceTree = "<group>";
		};
		4EA00C752403379C0017F7DC /* LaunchScreen.storyboard */ = {
			isa = PBXVariantGroup;
			children = (
				4EA00C762403379C0017F7DC /* Base */,
			);
			name = LaunchScreen.storyboard;
			sourceTree = "<group>";
		};
/* End PBXVariantGroup section */

/* Begin XCBuildConfiguration section */
		4EA00C792403379C0017F7DC /* Debug */ = {
			isa = XCBuildConfiguration;
			buildSettings = {
				ALWAYS_SEARCH_USER_PATHS = NO;
				CLANG_ANALYZER_NONNULL = YES;
				CLANG_ANALYZER_NUMBER_OBJECT_CONVERSION = YES_AGGRESSIVE;
				CLANG_CXX_LANGUAGE_STANDARD = "gnu++14";
				CLANG_CXX_LIBRARY = "libc++";
				CLANG_ENABLE_MODULES = YES;
				CLANG_ENABLE_OBJC_ARC = YES;
				CLANG_ENABLE_OBJC_WEAK = YES;
				CLANG_WARN_BLOCK_CAPTURE_AUTORELEASING = YES;
				CLANG_WARN_BOOL_CONVERSION = YES;
				CLANG_WARN_COMMA = YES;
				CLANG_WARN_CONSTANT_CONVERSION = YES;
				CLANG_WARN_DEPRECATED_OBJC_IMPLEMENTATIONS = YES;
				CLANG_WARN_DIRECT_OBJC_ISA_USAGE = YES_ERROR;
				CLANG_WARN_DOCUMENTATION_COMMENTS = YES;
				CLANG_WARN_EMPTY_BODY = YES;
				CLANG_WARN_ENUM_CONVERSION = YES;
				CLANG_WARN_INFINITE_RECURSION = YES;
				CLANG_WARN_INT_CONVERSION = YES;
				CLANG_WARN_NON_LITERAL_NULL_CONVERSION = YES;
				CLANG_WARN_OBJC_IMPLICIT_RETAIN_SELF = YES;
				CLANG_WARN_OBJC_LITERAL_CONVERSION = YES;
				CLANG_WARN_OBJC_ROOT_CLASS = YES_ERROR;
				CLANG_WARN_RANGE_LOOP_ANALYSIS = YES;
				CLANG_WARN_STRICT_PROTOTYPES = YES;
				CLANG_WARN_SUSPICIOUS_MOVE = YES;
				CLANG_WARN_UNGUARDED_AVAILABILITY = YES_AGGRESSIVE;
				CLANG_WARN_UNREACHABLE_CODE = YES;
				CLANG_WARN__DUPLICATE_METHOD_MATCH = YES;
				COPY_PHASE_STRIP = NO;
				DEBUG_INFORMATION_FORMAT = dwarf;
				ENABLE_STRICT_OBJC_MSGSEND = YES;
				ENABLE_TESTABILITY = YES;
				GCC_C_LANGUAGE_STANDARD = gnu11;
				GCC_DYNAMIC_NO_PIC = NO;
				GCC_NO_COMMON_BLOCKS = YES;
				GCC_OPTIMIZATION_LEVEL = 0;
				GCC_PREPROCESSOR_DEFINITIONS = (
					"DEBUG=1",
					"$(inherited)",
				);
				GCC_WARN_64_TO_32_BIT_CONVERSION = YES;
				GCC_WARN_ABOUT_RETURN_TYPE = YES_ERROR;
				GCC_WARN_UNDECLARED_SELECTOR = YES;
				GCC_WARN_UNINITIALIZED_AUTOS = YES_AGGRESSIVE;
				GCC_WARN_UNUSED_FUNCTION = YES;
				GCC_WARN_UNUSED_VARIABLE = YES;
				IPHONEOS_DEPLOYMENT_TARGET = 13.2;
				MTL_ENABLE_DEBUG_INFO = INCLUDE_SOURCE;
				MTL_FAST_MATH = YES;
				ONLY_ACTIVE_ARCH = YES;
				SDKROOT = iphoneos;
				SWIFT_ACTIVE_COMPILATION_CONDITIONS = DEBUG;
				SWIFT_OPTIMIZATION_LEVEL = "-Onone";
			};
			name = Debug;
		};
		4EA00C7A2403379C0017F7DC /* Release */ = {
			isa = XCBuildConfiguration;
			buildSettings = {
				ALWAYS_SEARCH_USER_PATHS = NO;
				CLANG_ANALYZER_NONNULL = YES;
				CLANG_ANALYZER_NUMBER_OBJECT_CONVERSION = YES_AGGRESSIVE;
				CLANG_CXX_LANGUAGE_STANDARD = "gnu++14";
				CLANG_CXX_LIBRARY = "libc++";
				CLANG_ENABLE_MODULES = YES;
				CLANG_ENABLE_OBJC_ARC = YES;
				CLANG_ENABLE_OBJC_WEAK = YES;
				CLANG_WARN_BLOCK_CAPTURE_AUTORELEASING = YES;
				CLANG_WARN_BOOL_CONVERSION = YES;
				CLANG_WARN_COMMA = YES;
				CLANG_WARN_CONSTANT_CONVERSION = YES;
				CLANG_WARN_DEPRECATED_OBJC_IMPLEMENTATIONS = YES;
				CLANG_WARN_DIRECT_OBJC_ISA_USAGE = YES_ERROR;
				CLANG_WARN_DOCUMENTATION_COMMENTS = YES;
				CLANG_WARN_EMPTY_BODY = YES;
				CLANG_WARN_ENUM_CONVERSION = YES;
				CLANG_WARN_INFINITE_RECURSION = YES;
				CLANG_WARN_INT_CONVERSION = YES;
				CLANG_WARN_NON_LITERAL_NULL_CONVERSION = YES;
				CLANG_WARN_OBJC_IMPLICIT_RETAIN_SELF = YES;
				CLANG_WARN_OBJC_LITERAL_CONVERSION = YES;
				CLANG_WARN_OBJC_ROOT_CLASS = YES_ERROR;
				CLANG_WARN_RANGE_LOOP_ANALYSIS = YES;
				CLANG_WARN_STRICT_PROTOTYPES = YES;
				CLANG_WARN_SUSPICIOUS_MOVE = YES;
				CLANG_WARN_UNGUARDED_AVAILABILITY = YES_AGGRESSIVE;
				CLANG_WARN_UNREACHABLE_CODE = YES;
				CLANG_WARN__DUPLICATE_METHOD_MATCH = YES;
				COPY_PHASE_STRIP = NO;
				DEBUG_INFORMATION_FORMAT = "dwarf-with-dsym";
				ENABLE_NS_ASSERTIONS = NO;
				ENABLE_STRICT_OBJC_MSGSEND = YES;
				GCC_C_LANGUAGE_STANDARD = gnu11;
				GCC_NO_COMMON_BLOCKS = YES;
				GCC_WARN_64_TO_32_BIT_CONVERSION = YES;
				GCC_WARN_ABOUT_RETURN_TYPE = YES_ERROR;
				GCC_WARN_UNDECLARED_SELECTOR = YES;
				GCC_WARN_UNINITIALIZED_AUTOS = YES_AGGRESSIVE;
				GCC_WARN_UNUSED_FUNCTION = YES;
				GCC_WARN_UNUSED_VARIABLE = YES;
				IPHONEOS_DEPLOYMENT_TARGET = 13.2;
				MTL_ENABLE_DEBUG_INFO = NO;
				MTL_FAST_MATH = YES;
				SDKROOT = iphoneos;
				SWIFT_COMPILATION_MODE = wholemodule;
				SWIFT_OPTIMIZATION_LEVEL = "-O";
				VALIDATE_PRODUCT = YES;
			};
			name = Release;
		};
		4EA00C7C2403379C0017F7DC /* Debug */ = {
			isa = XCBuildConfiguration;
			buildSettings = {
				ASSETCATALOG_COMPILER_APPICON_NAME = AppIcon;
				CODE_SIGN_STYLE = Automatic;
				INFOPLIST_FILE = SwiftQuiz/Info.plist;
				LD_RUNPATH_SEARCH_PATHS = (
					"$(inherited)",
					"@executable_path/Frameworks",
				);
				PRODUCT_BUNDLE_IDENTIFIER = tiagomartins.SwiftQuiz;
				PRODUCT_NAME = "$(TARGET_NAME)";
				SWIFT_VERSION = 5.0;
				TARGETED_DEVICE_FAMILY = 1;
			};
			name = Debug;
		};
		4EA00C7D2403379C0017F7DC /* Release */ = {
			isa = XCBuildConfiguration;
			buildSettings = {
				ASSETCATALOG_COMPILER_APPICON_NAME = AppIcon;
				CODE_SIGN_STYLE = Automatic;
				INFOPLIST_FILE = SwiftQuiz/Info.plist;
				LD_RUNPATH_SEARCH_PATHS = (
					"$(inherited)",
					"@executable_path/Frameworks",
				);
				PRODUCT_BUNDLE_IDENTIFIER = tiagomartins.SwiftQuiz;
				PRODUCT_NAME = "$(TARGET_NAME)";
				SWIFT_VERSION = 5.0;
				TARGETED_DEVICE_FAMILY = 1;
			};
			name = Release;
		};
/* End XCBuildConfiguration section */

/* Begin XCConfigurationList section */
		4EA00C622403379A0017F7DC /* Build configuration list for PBXProject "SwiftQuiz" */ = {
			isa = XCConfigurationList;
			buildConfigurations = (
				4EA00C792403379C0017F7DC /* Debug */,
				4EA00C7A2403379C0017F7DC /* Release */,
			);
			defaultConfigurationIsVisible = 0;
			defaultConfigurationName = Release;
		};
		4EA00C7B2403379C0017F7DC /* Build configuration list for PBXNativeTarget "SwiftQuiz" */ = {
			isa = XCConfigurationList;
			buildConfigurations = (
				4EA00C7C2403379C0017F7DC /* Debug */,
				4EA00C7D2403379C0017F7DC /* Release */,
			);
			defaultConfigurationIsVisible = 0;
			defaultConfigurationName = Release;
		};
/* End XCConfigurationList section */
	};
	rootObject = 4EA00C5F2403379A0017F7DC /* Project object */;
}
